
Microsoft Visual Studio Solution File, Format Version 12.00
# Visual Studio 14
VisualStudioVersion = 14.0.25420.1
MinimumVisualStudioVersion = 10.0.40219.1
Project("{FAE04EC0-301F-11D3-BF4B-00C04F79EFBC}") = "TP2_csharp", "TP2_csharp\TP2_csharp.csproj", "{91FE80D1-DEDC-4960-B3CB-20FD171D5C17}"
EndProject
Global
	GlobalSection(SolutionConfigurationPlatforms) = preSolution
		Debug|Any CPU = Debug|Any CPU
		Release|Any CPU = Release|Any CPU
	EndGlobalSection
	GlobalSection(ProjectConfigurationPlatforms) = postSolution
		{91FE80D1-DEDC-4960-B3CB-20FD171D5C17}.Debug|Any CPU.ActiveCfg = Debug|Any CPU
		{91FE80D1-DEDC-4960-B3CB-20FD171D5C17}.Debug|Any CPU.Build.0 = Debug|Any CPU
		{91FE80D1-DEDC-4960-B3CB-20FD171D5C17}.Release|Any CPU.ActiveCfg = Release|Any CPU
		{91FE80D1-DEDC-4960-B3CB-20FD171D5C17}.Release|Any CPU.Build.0 = Release|Any CPU
	EndGlobalSection
	GlobalSection(SolutionProperties) = preSolution
		HideSolutionNode = FALSE
	EndGlobalSection
EndGlobal
